{
    "_readme": [
        "This file locks the dependencies of your project to a known state",
        "Read more about it at https://getcomposer.org/doc/01-basic-usage.md#composer-lock-the-lock-file",
        "This file is @generated automatically"
    ],
    "content-hash": "d9b1a510ebc32aab3d89ababa1ac344d",
    "packages": [
        {
            "name": "cmfcmf/openweathermap-php-api",
            "version": "v2.2.1",
            "source": {
                "type": "git",
                "url": "https://github.com/cmfcmf/OpenWeatherMap-PHP-Api.git",
                "reference": "974270e52d05dea6816043f8ed6f444466c32708"
            },
            "dist": {
                "type": "zip",
                "url": "https://api.github.com/repos/cmfcmf/OpenWeatherMap-PHP-Api/zipball/974270e52d05dea6816043f8ed6f444466c32708",
                "reference": "974270e52d05dea6816043f8ed6f444466c32708",
                "shasum": ""
            },
            "require": {
                "php": ">=5.3.0"
            },
            "require-dev": {
                "phpunit/phpunit": "^4.8 || ^5.0.5"
            },
            "type": "library",
            "autoload": {
                "psr-4": {
                    "Cmfcmf\\": "Cmfcmf"
                }
            },
            "notification-url": "https://packagist.org/downloads/",
            "license": [
                "MIT"
            ],
            "authors": [
                {
                    "name": "Christian Flach (cmfcmf)",
                    "email": "cmfcmf.flach@gmail.com",
                    "homepage": "http://cmfcmf.github.io",
                    "role": "Developer"
                }
            ],
            "description": "A php api to parse weather data from OpenWeatherMap.org. This api tries to normalise and abstract the data and remove inconsistencies.",
            "homepage": "https://github.com/cmfcmf/OpenWeatherMap-PHP-Api",
            "keywords": [
                "OpenWeatherMap",
                "api",
                "free",
                "owm",
                "weather"
            ],
            "time": "2017-04-21T15:50:47+00:00"
        },
        {
            "name": "monolog/monolog",
            "version": "1.0.2",
            "source": {
                "type": "git",
                "url": "https://github.com/Seldaek/monolog.git",
                "reference": "b704c49a3051536f67f2d39f13568f74615b9922"
            },
            "dist": {
                "type": "zip",
                "url": "https://api.github.com/repos/Seldaek/monolog/zipball/b704c49a3051536f67f2d39f13568f74615b9922",
                "reference": "b704c49a3051536f67f2d39f13568f74615b9922",
                "shasum": ""
            },
            "require": {
                "php": ">=5.3.0"
            },
            "type": "library",
            "autoload": {
                "psr-0": {
                    "Monolog": "src/"
                }
            },
            "notification-url": "https://packagist.org/downloads/",
            "license": [
                "MIT"
            ],
            "authors": [
                {
                    "name": "Jordi Boggiano",
                    "email": "j.boggiano@seld.be",
                    "homepage": "http://seld.be",
                    "role": "Developer"
                }
            ],
            "description": "Logging for PHP 5.3",
            "homepage": "http://github.com/Seldaek/monolog",
            "keywords": [
                "log",
                "logging"
            ],
            "time": "2011-10-24T09:39:02+00:00"
        }
    ],
    "packages-dev": [],
    "aliases": [],
    "minimum-stability": "stable",
    "stability-flags": [],
    "prefer-stable": false,
    "prefer-lowest": false,
    "platform": [],
    "platform-dev": []
}
